{
  "version": 4,
  "terraform_version": "1.5.4",
  "serial": 21,
  "lineage": "3a38500d-dce6-d00e-d7e4-564268f80b2f",
  "outputs": {},
  "resources": [
    {
      "module": "module.gke_codemie_sa",
      "mode": "managed",
      "type": "google_project_iam_member",
      "name": "workload_identity_sa_bindings",
      "provider": "provider[\"registry.terraform.io/hashicorp/google\"]",
      "instances": [
        {
          "index_key": "roles/viewer",
          "schema_version": 0,
          "attributes": {
            "condition": [],
            "etag": "BwYWv8ybaX0=",
            "id": "or2-msq-epmd-edp-anthos-t1iylu/roles/viewer/serviceAccount:codemie@or2-msq-epmd-edp-anthos-t1iylu.iam.gserviceaccount.com",
            "member": "serviceAccount:codemie@or2-msq-epmd-edp-anthos-t1iylu.iam.gserviceaccount.com",
            "project": "or2-msq-epmd-edp-anthos-t1iylu",
            "role": "roles/viewer"
          },
          "sensitive_attributes": [],
          "private": "bnVsbA==",
          "dependencies": [
            "module.gke_codemie_sa.data.google_service_account.cluster_service_account",
            "module.gke_codemie_sa.google_service_account.cluster_service_account"
          ]
        }
      ]
    },
    {
      "module": "module.gke_codemie_sa",
      "mode": "managed",
      "type": "google_service_account",
      "name": "cluster_service_account",
      "provider": "provider[\"registry.terraform.io/hashicorp/google\"]",
      "instances": [
        {
          "index_key": 0,
          "schema_version": 0,
          "attributes": {
            "account_id": "codemie",
            "create_ignore_already_exists": null,
            "description": "",
            "disabled": false,
            "display_name": "GCP SA bound to K8S SA or2-msq-epmd-edp-anthos-t1iylu[codemie]",
            "email": "codemie@or2-msq-epmd-edp-anthos-t1iylu.iam.gserviceaccount.com",
            "id": "projects/or2-msq-epmd-edp-anthos-t1iylu/serviceAccounts/codemie@or2-msq-epmd-edp-anthos-t1iylu.iam.gserviceaccount.com",
            "member": "serviceAccount:codemie@or2-msq-epmd-edp-anthos-t1iylu.iam.gserviceaccount.com",
            "name": "projects/or2-msq-epmd-edp-anthos-t1iylu/serviceAccounts/codemie@or2-msq-epmd-edp-anthos-t1iylu.iam.gserviceaccount.com",
            "project": "or2-msq-epmd-edp-anthos-t1iylu",
            "timeouts": null,
            "unique_id": "113775098472825782429"
          },
          "sensitive_attributes": [],
          "private": "eyJlMmJmYjczMC1lY2FhLTExZTYtOGY4OC0zNDM2M2JjN2M0YzAiOnsiY3JlYXRlIjozMDAwMDAwMDAwMDB9fQ=="
        }
      ]
    },
    {
      "module": "module.gke_codemie_sa",
      "mode": "managed",
      "type": "google_service_account_iam_member",
      "name": "main",
      "provider": "provider[\"registry.terraform.io/hashicorp/google\"]",
      "instances": [
        {
          "schema_version": 0,
          "attributes": {
            "condition": [],
            "etag": "BwYWv8vulBU=",
            "id": "projects/or2-msq-epmd-edp-anthos-t1iylu/serviceAccounts/codemie@or2-msq-epmd-edp-anthos-t1iylu.iam.gserviceaccount.com/roles/iam.workloadIdentityUser/serviceAccount:or2-msq-epmd-edp-anthos-t1iylu.svc.id.goog[codemie/codemie]",
            "member": "serviceAccount:or2-msq-epmd-edp-anthos-t1iylu.svc.id.goog[codemie/codemie]",
            "role": "roles/iam.workloadIdentityUser",
            "service_account_id": "projects/or2-msq-epmd-edp-anthos-t1iylu/serviceAccounts/codemie@or2-msq-epmd-edp-anthos-t1iylu.iam.gserviceaccount.com"
          },
          "sensitive_attributes": [],
          "private": "bnVsbA==",
          "dependencies": [
            "module.gke_codemie_sa.data.google_service_account.cluster_service_account",
            "module.gke_codemie_sa.google_service_account.cluster_service_account",
            "module.gke_codemie_sa.kubernetes_service_account.main"
          ]
        }
      ]
    }
  ],
  "check_results": null
}
